// !$*UTF8*$!
{
	archiveVersion = 1;
	classes = {
	};
	objectVersion = 50;
	objects = {

/* Begin PBXBuildFile section */
		810B86F320E0F754007D68E0 /* AppDelegate.swift in Sources */ = {isa = PBXBuildFile; fileRef = 810B86F220E0F754007D68E0 /* AppDelegate.swift */; };
		810B86F520E0F754007D68E0 /* ViewController.swift in Sources */ = {isa = PBXBuildFile; fileRef = 810B86F420E0F754007D68E0 /* ViewController.swift */; };
		810B86F820E0F754007D68E0 /* Main.storyboard in Resources */ = {isa = PBXBuildFile; fileRef = 810B86F620E0F754007D68E0 /* Main.storyboard */; };
		810B86FA20E0F755007D68E0 /* Assets.xcassets in Resources */ = {isa = PBXBuildFile; fileRef = 810B86F920E0F755007D68E0 /* Assets.xcassets */; };
		810B86FD20E0F755007D68E0 /* LaunchScreen.storyboard in Resources */ = {isa = PBXBuildFile; fileRef = 810B86FB20E0F755007D68E0 /* LaunchScreen.storyboard */; };
		810B870820E0F755007D68E0 /* CalculatorExamTests.swift in Sources */ = {isa = PBXBuildFile; fileRef = 810B870720E0F755007D68E0 /* CalculatorExamTests.swift */; };
		810B871320E0F755007D68E0 /* CalculatorExamUITests.swift in Sources */ = {isa = PBXBuildFile; fileRef = 810B871220E0F755007D68E0 /* CalculatorExamUITests.swift */; };
/* End PBXBuildFile section */

/* Begin PBXContainerItemProxy section */
		810B870420E0F755007D68E0 /* PBXContainerItemProxy */ = {
			isa = PBXContainerItemProxy;
			containerPortal = 810B86E720E0F754007D68E0 /* Project object */;
			proxyType = 1;
			remoteGlobalIDString = 810B86EE20E0F754007D68E0;
			remoteInfo = CalculatorExam;
		};
		810B870F20E0F755007D68E0 /* PBXContainerItemProxy */ = {
			isa = PBXContainerItemProxy;
			containerPortal = 810B86E720E0F754007D68E0 /* Project object */;
			proxyType = 1;
			remoteGlobalIDString = 810B86EE20E0F754007D68E0;
			remoteInfo = CalculatorExam;
		};
/* End PBXContainerItemProxy section */

/* Begin PBXFileReference section */
		810B86EF20E0F754007D68E0 /* CalculatorExam.app */ = {isa = PBXFileReference; explicitFileType = wrapper.application; includeInIndex = 0; path = CalculatorExam.app; sourceTree = BUILT_PRODUCTS_DIR; };
		810B86F220E0F754007D68E0 /* AppDelegate.swift */ = {isa = PBXFileReference; lastKnownFileType = sourcecode.swift; path = AppDelegate.swift; sourceTree = "<group>"; };
		810B86F420E0F754007D68E0 /* ViewController.swift */ = {isa = PBXFileReference; lastKnownFileType = sourcecode.swift; path = ViewController.swift; sourceTree = "<group>"; };
		810B86F720E0F754007D68E0 /* Base */ = {isa = PBXFileReference; lastKnownFileType = file.storyboard; name = Base; path = Base.lproj/Main.storyboard; sourceTree = "<group>"; };
		810B86F920E0F755007D68E0 /* Assets.xcassets */ = {isa = PBXFileReference; lastKnownFileType = folder.assetcatalog; path = Assets.xcassets; sourceTree = "<group>"; };
		810B86FC20E0F755007D68E0 /* Base */ = {isa = PBXFileReference; lastKnownFileType = file.storyboard; name = Base; path = Base.lproj/LaunchScreen.storyboard; sourceTree = "<group>"; };
		810B86FE20E0F755007D68E0 /* Info.plist */ = {isa = PBXFileReference; lastKnownFileType = text.plist.xml; path = Info.plist; sourceTree = "<group>"; };
		810B870320E0F755007D68E0 /* CalculatorExamTests.xctest */ = {isa = PBXFileReference; explicitFileType = wrapper.cfbundle; includeInIndex = 0; path = CalculatorExamTests.xctest; sourceTree = BUILT_PRODUCTS_DIR; };
		810B870720E0F755007D68E0 /* CalculatorExamTests.swift */ = {isa = PBXFileReference; lastKnownFileType = sourcecode.swift; path = CalculatorExamTests.swift; sourceTree = "<group>"; };
		810B870920E0F755007D68E0 /* Info.plist */ = {isa = PBXFileReference; lastKnownFileType = text.plist.xml; path = Info.plist; sourceTree = "<group>"; };
		810B870E20E0F755007D68E0 /* CalculatorExamUITests.xctest */ = {isa = PBXFileReference; explicitFileType = wrapper.cfbundle; includeInIndex = 0; path = CalculatorExamUITests.xctest; sourceTree = BUILT_PRODUCTS_DIR; };
		810B871220E0F755007D68E0 /* CalculatorExamUITests.swift */ = {isa = PBXFileReference; lastKnownFileType = sourcecode.swift; path = CalculatorExamUITests.swift; sourceTree = "<group>"; };
		810B871420E0F755007D68E0 /* Info.plist */ = {isa = PBXFileReference; lastKnownFileType = text.plist.xml; path = Info.plist; sourceTree = "<group>"; };
/* End PBXFileReference section */

/* Begin PBXFrameworksBuildPhase section */
		810B86EC20E0F754007D68E0 /* Frameworks */ = {
			isa = PBXFrameworksBuildPhase;
			buildActionMask = 2147483647;
			files = (
			);
			runOnlyForDeploymentPostprocessing = 0;
		};
		810B870020E0F755007D68E0 /* Frameworks */ = {
			isa = PBXFrameworksBuildPhase;
			buildActionMask = 2147483647;
			files = (
			);
			runOnlyForDeploymentPostprocessing = 0;
		};
		810B870B20E0F755007D68E0 /* Frameworks */ = {
			isa = PBXFrameworksBuildPhase;
			buildActionMask = 2147483647;
			files = (
			);
			runOnlyForDeploymentPostprocessing = 0;
		};
/* End PBXFrameworksBuildPhase section */

/* Begin PBXGroup section */
		810B86E620E0F754007D68E0 = {
			isa = PBXGroup;
			children = (
				810B86F120E0F754007D68E0 /* CalculatorExam */,
				810B870620E0F755007D68E0 /* CalculatorExamTests */,
				810B871120E0F755007D68E0 /* CalculatorExamUITests */,
				810B86F020E0F754007D68E0 /* Products */,
			);
			sourceTree = "<group>";
		};
		810B86F020E0F754007D68E0 /* Products */ = {
			isa = PBXGroup;
			children = (
				810B86EF20E0F754007D68E0 /* CalculatorExam.app */,
				810B870320E0F755007D68E0 /* CalculatorExamTests.xctest */,
				810B870E20E0F755007D68E0 /* CalculatorExamUITests.xctest */,
			);
			name = Products;
			sourceTree = "<group>";
		};
		810B86F120E0F754007D68E0 /* CalculatorExam */ = {
			isa = PBXGroup;
			children = (
				810B86F220E0F754007D68E0 /* AppDelegate.swift */,
				810B86F420E0F754007D68E0 /* ViewController.swift */,
				810B86F620E0F754007D68E0 /* Main.storyboard */,
				810B86F920E0F755007D68E0 /* Assets.xcassets */,
				810B86FB20E0F755007D68E0 /* LaunchScreen.storyboard */,
				810B86FE20E0F755007D68E0 /* Info.plist */,
			);
			path = CalculatorExam;
			sourceTree = "<group>";
		};
		810B870620E0F755007D68E0 /* CalculatorExamTests */ = {
			isa = PBXGroup;
			children = (
				810B870720E0F755007D68E0 /* CalculatorExamTests.swift */,
				810B870920E0F755007D68E0 /* Info.plist */,
			);
			path = CalculatorExamTests;
			sourceTree = "<group>";
		};
		810B871120E0F755007D68E0 /* CalculatorExamUITests */ = {
			isa = PBXGroup;
			children = (
				810B871220E0F755007D68E0 /* CalculatorExamUITests.swift */,
				810B871420E0F755007D68E0 /* Info.plist */,
			);
			path = CalculatorExamUITests;
			sourceTree = "<group>";
		};
/* End PBXGroup section */

/* Begin PBXNativeTarget section */
		810B86EE20E0F754007D68E0 /* CalculatorExam */ = {
			isa = PBXNativeTarget;
			buildConfigurationList = 810B871720E0F755007D68E0 /* Build configuration list for PBXNativeTarget "CalculatorExam" */;
			buildPhases = (
				810B86EB20E0F754007D68E0 /* Sources */,
				810B86EC20E0F754007D68E0 /* Frameworks */,
				810B86ED20E0F754007D68E0 /* Resources */,
			);
			buildRules = (
			);
			dependencies = (
			);
			name = CalculatorExam;
			productName = CalculatorExam;
			productReference = 810B86EF20E0F754007D68E0 /* CalculatorExam.app */;
			productType = "com.apple.product-type.application";
		};
		810B870220E0F755007D68E0 /* CalculatorExamTests */ = {
			isa = PBXNativeTarget;
			buildConfigurationList = 810B871A20E0F755007D68E0 /* Build configuration list for PBXNativeTarget "CalculatorExamTests" */;
			buildPhases = (
				810B86FF20E0F755007D68E0 /* Sources */,
				810B870020E0F755007D68E0 /* Frameworks */,
				810B870120E0F755007D68E0 /* Resources */,
			);
			buildRules = (
			);
			dependencies = (
				810B870520E0F755007D68E0 /* PBXTargetDependency */,
			);
			name = CalculatorExamTests;
			productName = CalculatorExamTests;
			productReference = 810B870320E0F755007D68E0 /* CalculatorExamTests.xctest */;
			productType = "com.apple.product-type.bundle.unit-test";
		};
		810B870D20E0F755007D68E0 /* CalculatorExamUITests */ = {
			isa = PBXNativeTarget;
			buildConfigurationList = 810B871D20E0F755007D68E0 /* Build configuration list for PBXNativeTarget "CalculatorExamUITests" */;
			buildPhases = (
				810B870A20E0F755007D68E0 /* Sources */,
				810B870B20E0F755007D68E0 /* Frameworks */,
				810B870C20E0F755007D68E0 /* Resources */,
			);
			buildRules = (
			);
			dependencies = (
				810B871020E0F755007D68E0 /* PBXTargetDependency */,
			);
			name = CalculatorExamUITests;
			productName = CalculatorExamUITests;
			productReference = 810B870E20E0F755007D68E0 /* CalculatorExamUITests.xctest */;
			productType = "com.apple.product-type.bundle.ui-testing";
		};
/* End PBXNativeTarget section */

/* Begin PBXProject section */
		810B86E720E0F754007D68E0 /* Project object */ = {
			isa = PBXProject;
			attributes = {
				LastSwiftUpdateCheck = 0940;
				LastUpgradeCheck = 0940;
				ORGANIZATIONNAME = yunjin_choi;
				TargetAttributes = {
					810B86EE20E0F754007D68E0 = {
						CreatedOnToolsVersion = 9.4;
					};
					810B870220E0F755007D68E0 = {
						CreatedOnToolsVersion = 9.4;
						TestTargetID = 810B86EE20E0F754007D68E0;
					};
					810B870D20E0F755007D68E0 = {
						CreatedOnToolsVersion = 9.4;
						TestTargetID = 810B86EE20E0F754007D68E0;
					};
				};
			};
			buildConfigurationList = 810B86EA20E0F754007D68E0 /* Build configuration list for PBXProject "CalculatorExam" */;
			compatibilityVersion = "Xcode 9.3";
			developmentRegion = en;
			hasScannedForEncodings = 0;
			knownRegions = (
				en,
				Base,
			);
			mainGroup = 810B86E620E0F754007D68E0;
			productRefGroup = 810B86F020E0F754007D68E0 /* Products */;
			projectDirPath = "";
			projectRoot = "";
			targets = (
				810B86EE20E0F754007D68E0 /* CalculatorExam */,
				810B870220E0F755007D68E0 /* CalculatorExamTests */,
				810B870D20E0F755007D68E0 /* CalculatorExamUITests */,
			);
		};
/* End PBXProject section */

/* Begin PBXResourcesBuildPhase section */
		810B86ED20E0F754007D68E0 /* Resources */ = {
			isa = PBXResourcesBuildPhase;
			buildActionMask = 2147483647;
			files = (
				810B86FD20E0F755007D68E0 /* LaunchScreen.storyboard in Resources */,
				810B86FA20E0F755007D68E0 /* Assets.xcassets in Resources */,
				810B86F820E0F754007D68E0 /* Main.storyboard in Resources */,
			);
			runOnlyForDeploymentPostprocessing = 0;
		};
		810B870120E0F755007D68E0 /* Resources */ = {
			isa = PBXResourcesBuildPhase;
			buildActionMask = 2147483647;
			files = (
			);
			runOnlyForDeploymentPostprocessing = 0;
		};
		810B870C20E0F755007D68E0 /* Resources */ = {
			isa = PBXResourcesBuildPhase;
			buildActionMask = 2147483647;
			files = (
			);
			runOnlyForDeploymentPostprocessing = 0;
		};
/* End PBXResourcesBuildPhase section */

/* Begin PBXSourcesBuildPhase section */
		810B86EB20E0F754007D68E0 /* Sources */ = {
			isa = PBXSourcesBuildPhase;
			buildActionMask = 2147483647;
			files = (
				810B86F520E0F754007D68E0 /* ViewController.swift in Sources */,
				810B86F320E0F754007D68E0 /* AppDelegate.swift in Sources */,
			);
			runOnlyForDeploymentPostprocessing = 0;
		};
		810B86FF20E0F755007D68E0 /* Sources */ = {
			isa = PBXSourcesBuildPhase;
			buildActionMask = 2147483647;
			files = (
				810B870820E0F755007D68E0 /* CalculatorExamTests.swift in Sources */,
			);
			runOnlyForDeploymentPostprocessing = 0;
		};
		810B870A20E0F755007D68E0 /* Sources */ = {
			isa = PBXSourcesBuildPhase;
			buildActionMask = 2147483647;
			files = (
				810B871320E0F755007D68E0 /* CalculatorExamUITests.swift in Sources */,
			);
			runOnlyForDeploymentPostprocessing = 0;
		};
/* End PBXSourcesBuildPhase section */

/* Begin PBXTargetDependency section */
		810B870520E0F755007D68E0 /* PBXTargetDependency */ = {
			isa = PBXTargetDependency;
			target = 810B86EE20E0F754007D68E0 /* CalculatorExam */;
			targetProxy = 810B870420E0F755007D68E0 /* PBXContainerItemProxy */;
		};
		810B871020E0F755007D68E0 /* PBXTargetDependency */ = {
			isa = PBXTargetDependency;
			target = 810B86EE20E0F754007D68E0 /* CalculatorExam */;
			targetProxy = 810B870F20E0F755007D68E0 /* PBXContainerItemProxy */;
		};
/* End PBXTargetDependency section */

/* Begin PBXVariantGroup section */
		810B86F620E0F754007D68E0 /* Main.storyboard */ = {
			isa = PBXVariantGroup;
			children = (
				810B86F720E0F754007D68E0 /* Base */,
			);
			name = Main.storyboard;
			sourceTree = "<group>";
		};
		810B86FB20E0F755007D68E0 /* LaunchScreen.storyboard */ = {
			isa = PBXVariantGroup;
			children = (
				810B86FC20E0F755007D68E0 /* Base */,
			);
			name = LaunchScreen.storyboard;
			sourceTree = "<group>";
		};
/* End PBXVariantGroup section */

/* Begin XCBuildConfiguration section */
		810B871520E0F755007D68E0 /* Debug */ = {
			isa = XCBuildConfiguration;
			buildSettings = {
				ALWAYS_SEARCH_USER_PATHS = NO;
				CLANG_ANALYZER_NONNULL = YES;
				CLANG_ANALYZER_NUMBER_OBJECT_CONVERSION = YES_AGGRESSIVE;
				CLANG_CXX_LANGUAGE_STANDARD = "gnu++14";
				CLANG_CXX_LIBRARY = "libc++";
				CLANG_ENABLE_MODULES = YES;
				CLANG_ENABLE_OBJC_ARC = YES;
				CLANG_ENABLE_OBJC_WEAK = YES;
				CLANG_WARN_BLOCK_CAPTURE_AUTORELEASING = YES;
				CLANG_WARN_BOOL_CONVERSION = YES;
				CLANG_WARN_COMMA = YES;
				CLANG_WARN_CONSTANT_CONVERSION = YES;
				CLANG_WARN_DEPRECATED_OBJC_IMPLEMENTATIONS = YES;
				CLANG_WARN_DIRECT_OBJC_ISA_USAGE = YES_ERROR;
				CLANG_WARN_DOCUMENTATION_COMMENTS = YES;
				CLANG_WARN_EMPTY_BODY = YES;
				CLANG_WARN_ENUM_CONVERSION = YES;
				CLANG_WARN_INFINITE_RECURSION = YES;
				CLANG_WARN_INT_CONVERSION = YES;
				CLANG_WARN_NON_LITERAL_NULL_CONVERSION = YES;
				CLANG_WARN_OBJC_IMPLICIT_RETAIN_SELF = YES;
				CLANG_WARN_OBJC_LITERAL_CONVERSION = YES;
				CLANG_WARN_OBJC_ROOT_CLASS = YES_ERROR;
				CLANG_WARN_RANGE_LOOP_ANALYSIS = YES;
				CLANG_WARN_STRICT_PROTOTYPES = YES;
				CLANG_WARN_SUSPICIOUS_MOVE = YES;
				CLANG_WARN_UNGUARDED_AVAILABILITY = YES_AGGRESSIVE;
				CLANG_WARN_UNREACHABLE_CODE = YES;
				CLANG_WARN__DUPLICATE_METHOD_MATCH = YES;
				CODE_SIGN_IDENTITY = "iPhone Developer";
				COPY_PHASE_STRIP = NO;
				DEBUG_INFORMATION_FORMAT = dwarf;
				ENABLE_STRICT_OBJC_MSGSEND = YES;
				ENABLE_TESTABILITY = YES;
				GCC_C_LANGUAGE_STANDARD = gnu11;
				GCC_DYNAMIC_NO_PIC = NO;
				GCC_NO_COMMON_BLOCKS = YES;
				GCC_OPTIMIZATION_LEVEL = 0;
				GCC_PREPROCESSOR_DEFINITIONS = (
					"DEBUG=1",
					"$(inherited)",
				);
				GCC_WARN_64_TO_32_BIT_CONVERSION = YES;
				GCC_WARN_ABOUT_RETURN_TYPE = YES_ERROR;
				GCC_WARN_UNDECLARED_SELECTOR = YES;
				GCC_WARN_UNINITIALIZED_AUTOS = YES_AGGRESSIVE;
				GCC_WARN_UNUSED_FUNCTION = YES;
				GCC_WARN_UNUSED_VARIABLE = YES;
				IPHONEOS_DEPLOYMENT_TARGET = 11.4;
				MTL_ENABLE_DEBUG_INFO = YES;
				ONLY_ACTIVE_ARCH = YES;
				SDKROOT = iphoneos;
				SWIFT_ACTIVE_COMPILATION_CONDITIONS = DEBUG;
				SWIFT_OPTIMIZATION_LEVEL = "-Onone";
			};
			name = Debug;
		};
		810B871620E0F755007D68E0 /* Release */ = {
			isa = XCBuildConfiguration;
			buildSettings = {
				ALWAYS_SEARCH_USER_PATHS = NO;
				CLANG_ANALYZER_NONNULL = YES;
				CLANG_ANALYZER_NUMBER_OBJECT_CONVERSION = YES_AGGRESSIVE;
				CLANG_CXX_LANGUAGE_STANDARD = "gnu++14";
				CLANG_CXX_LIBRARY = "libc++";
				CLANG_ENABLE_MODULES = YES;
				CLANG_ENABLE_OBJC_ARC = YES;
				CLANG_ENABLE_OBJC_WEAK = YES;
				CLANG_WARN_BLOCK_CAPTURE_AUTORELEASING = YES;
				CLANG_WARN_BOOL_CONVERSION = YES;
				CLANG_WARN_COMMA = YES;
				CLANG_WARN_CONSTANT_CONVERSION = YES;
				CLANG_WARN_DEPRECATED_OBJC_IMPLEMENTATIONS = YES;
				CLANG_WARN_DIRECT_OBJC_ISA_USAGE = YES_ERROR;
				CLANG_WARN_DOCUMENTATION_COMMENTS = YES;
				CLANG_WARN_EMPTY_BODY = YES;
				CLANG_WARN_ENUM_CONVERSION = YES;
				CLANG_WARN_INFINITE_RECURSION = YES;
				CLANG_WARN_INT_CONVERSION = YES;
				CLANG_WARN_NON_LITERAL_NULL_CONVERSION = YES;
				CLANG_WARN_OBJC_IMPLICIT_RETAIN_SELF = YES;
				CLANG_WARN_OBJC_LITERAL_CONVERSION = YES;
				CLANG_WARN_OBJC_ROOT_CLASS = YES_ERROR;
				CLANG_WARN_RANGE_LOOP_ANALYSIS = YES;
				CLANG_WARN_STRICT_PROTOTYPES = YES;
				CLANG_WARN_SUSPICIOUS_MOVE = YES;
				CLANG_WARN_UNGUARDED_AVAILABILITY = YES_AGGRESSIVE;
				CLANG_WARN_UNREACHABLE_CODE = YES;
				CLANG_WARN__DUPLICATE_METHOD_MATCH = YES;
				CODE_SIGN_IDENTITY = "iPhone Developer";
				COPY_PHASE_STRIP = NO;
				DEBUG_INFORMATION_FORMAT = "dwarf-with-dsym";
				ENABLE_NS_ASSERTIONS = NO;
				ENABLE_STRICT_OBJC_MSGSEND = YES;
				GCC_C_LANGUAGE_STANDARD = gnu11;
				GCC_NO_COMMON_BLOCKS = YES;
				GCC_WARN_64_TO_32_BIT_CONVERSION = YES;
				GCC_WARN_ABOUT_RETURN_TYPE = YES_ERROR;
				GCC_WARN_UNDECLARED_SELECTOR = YES;
				GCC_WARN_UNINITIALIZED_AUTOS = YES_AGGRESSIVE;
				GCC_WARN_UNUSED_FUNCTION = YES;
				GCC_WARN_UNUSED_VARIABLE = YES;
				IPHONEOS_DEPLOYMENT_TARGET = 11.4;
				MTL_ENABLE_DEBUG_INFO = NO;
				SDKROOT = iphoneos;
				SWIFT_COMPILATION_MODE = wholemodule;
				SWIFT_OPTIMIZATION_LEVEL = "-O";
				VALIDATE_PRODUCT = YES;
			};
			name = Release;
		};
		810B871820E0F755007D68E0 /* Debug */ = {
			isa = XCBuildConfiguration;
			buildSettings = {
				ASSETCATALOG_COMPILER_APPICON_NAME = AppIcon;
				CODE_SIGN_STYLE = Automatic;
				INFOPLIST_FILE = CalculatorExam/Info.plist;
				LD_RUNPATH_SEARCH_PATHS = (
					"$(inherited)",
					"@executable_path/Frameworks",
				);
				PRODUCT_BUNDLE_IDENTIFIER = com.yunjin.CalculatorExam;
				PRODUCT_NAME = "$(TARGET_NAME)";
				SWIFT_VERSION = 4.0;
				TARGETED_DEVICE_FAMILY = "1,2";
			};
			name = Debug;
		};
		810B871920E0F755007D68E0 /* Release */ = {
			isa = XCBuildConfiguration;
			buildSettings = {
				ASSETCATALOG_COMPILER_APPICON_NAME = AppIcon;
				CODE_SIGN_STYLE = Automatic;
				INFOPLIST_FILE = CalculatorExam/Info.plist;
				LD_RUNPATH_SEARCH_PATHS = (
					"$(inherited)",
					"@executable_path/Frameworks",
				);
				PRODUCT_BUNDLE_IDENTIFIER = com.yunjin.CalculatorExam;
				PRODUCT_NAME = "$(TARGET_NAME)";
				SWIFT_VERSION = 4.0;
				TARGETED_DEVICE_FAMILY = "1,2";
			};
			name = Release;
		};
		810B871B20E0F755007D68E0 /* Debug */ = {
			isa = XCBuildConfiguration;
			buildSettings = {
				ALWAYS_EMBED_SWIFT_STANDARD_LIBRARIES = YES;
				BUNDLE_LOADER = "$(TEST_HOST)";
				CODE_SIGN_STYLE = Automatic;
				INFOPLIST_FILE = CalculatorExamTests/Info.plist;
				LD_RUNPATH_SEARCH_PATHS = (
					"$(inherited)",
					"@executable_path/Frameworks",
					"@loader_path/Frameworks",
				);
				PRODUCT_BUNDLE_IDENTIFIER = com.yunjin.CalculatorExamTests;
				PRODUCT_NAME = "$(TARGET_NAME)";
				SWIFT_VERSION = 4.0;
				TARGETED_DEVICE_FAMILY = "1,2";
				TEST_HOST = "$(BUILT_PRODUCTS_DIR)/CalculatorExam.app/CalculatorExam";
			};
			name = Debug;
		};
		810B871C20E0F755007D68E0 /* Release */ = {
			isa = XCBuildConfiguration;
			buildSettings = {
				ALWAYS_EMBED_SWIFT_STANDARD_LIBRARIES = YES;
				BUNDLE_LOADER = "$(TEST_HOST)";
				CODE_SIGN_STYLE = Automatic;
				INFOPLIST_FILE = CalculatorExamTests/Info.plist;
				LD_RUNPATH_SEARCH_PATHS = (
					"$(inherited)",
					"@executable_path/Frameworks",
					"@loader_path/Frameworks",
				);
				PRODUCT_BUNDLE_IDENTIFIER = com.yunjin.CalculatorExamTests;
				PRODUCT_NAME = "$(TARGET_NAME)";
				SWIFT_VERSION = 4.0;
				TARGETED_DEVICE_FAMILY = "1,2";
				TEST_HOST = "$(BUILT_PRODUCTS_DIR)/CalculatorExam.app/CalculatorExam";
			};
			name = Release;
		};
		810B871E20E0F755007D68E0 /* Debug */ = {
			isa = XCBuildConfiguration;
			buildSettings = {
				ALWAYS_EMBED_SWIFT_STANDARD_LIBRARIES = YES;
				CODE_SIGN_STYLE = Automatic;
				INFOPLIST_FILE = CalculatorExamUITests/Info.plist;
				LD_RUNPATH_SEARCH_PATHS = (
					"$(inherited)",
					"@executable_path/Frameworks",
					"@loader_path/Frameworks",
				);
				PRODUCT_BUNDLE_IDENTIFIER = com.yunjin.CalculatorExamUITests;
				PRODUCT_NAME = "$(TARGET_NAME)";
				SWIFT_VERSION = 4.0;
				TARGETED_DEVICE_FAMILY = "1,2";
				TEST_TARGET_NAME = CalculatorExam;
			};
			name = Debug;
		};
		810B871F20E0F755007D68E0 /* Release */ = {
			isa = XCBuildConfiguration;
			buildSettings = {
				ALWAYS_EMBED_SWIFT_STANDARD_LIBRARIES = YES;
				CODE_SIGN_STYLE = Automatic;
				INFOPLIST_FILE = CalculatorExamUITests/Info.plist;
				LD_RUNPATH_SEARCH_PATHS = (
					"$(inherited)",
					"@executable_path/Frameworks",
					"@loader_path/Frameworks",
				);
				PRODUCT_BUNDLE_IDENTIFIER = com.yunjin.CalculatorExamUITests;
				PRODUCT_NAME = "$(TARGET_NAME)";
				SWIFT_VERSION = 4.0;
				TARGETED_DEVICE_FAMILY = "1,2";
				TEST_TARGET_NAME = CalculatorExam;
			};
			name = Release;
		};
/* End XCBuildConfiguration section */

/* Begin XCConfigurationList section */
		810B86EA20E0F754007D68E0 /* Build configuration list for PBXProject "CalculatorExam" */ = {
			isa = XCConfigurationList;
			buildConfigurations = (
				810B871520E0F755007D68E0 /* Debug */,
				810B871620E0F755007D68E0 /* Release */,
			);
			defaultConfigurationIsVisible = 0;
			defaultConfigurationName = Release;
		};
		810B871720E0F755007D68E0 /* Build configuration list for PBXNativeTarget "CalculatorExam" */ = {
			isa = XCConfigurationList;
			buildConfigurations = (
				810B871820E0F755007D68E0 /* Debug */,
				810B871920E0F755007D68E0 /* Release */,
			);
			defaultConfigurationIsVisible = 0;
			defaultConfigurationName = Release;
		};
		810B871A20E0F755007D68E0 /* Build configuration list for PBXNativeTarget "CalculatorExamTests" */ = {
			isa = XCConfigurationList;
			buildConfigurations = (
				810B871B20E0F755007D68E0 /* Debug */,
				810B871C20E0F755007D68E0 /* Release */,
			);
			defaultConfigurationIsVisible = 0;
			defaultConfigurationName = Release;
		};
		810B871D20E0F755007D68E0 /* Build configuration list for PBXNativeTarget "CalculatorExamUITests" */ = {
			isa = XCConfigurationList;
			buildConfigurations = (
				810B871E20E0F755007D68E0 /* Debug */,
				810B871F20E0F755007D68E0 /* Release */,
			);
			defaultConfigurationIsVisible = 0;
			defaultConfigurationName = Release;
		};
/* End XCConfigurationList section */
	};
	rootObject = 810B86E720E0F754007D68E0 /* Project object */;
}
